// !$*UTF8*$!
{
	archiveVersion = 1;
	classes = {
	};
	objectVersion = 56;
	objects = {

/* Begin PBXBuildFile section */
		7F19D2EE2CBFE405009745DD /* PooView.swift in Sources */ = {isa = PBXBuildFile; fileRef = 7F19D2ED2CBFE405009745DD /* PooView.swift */; };
		7F19D2F02CBFF805009745DD /* GameResaultView.swift in Sources */ = {isa = PBXBuildFile; fileRef = 7F19D2EF2CBFF805009745DD /* GameResaultView.swift */; };
		7F91E0902CBB7E190017CD64 /* BurgerKingAppApp.swift in Sources */ = {isa = PBXBuildFile; fileRef = 7F91E08F2CBB7E190017CD64 /* BurgerKingAppApp.swift */; };
		7F91E0922CBB7E190017CD64 /* ContentView.swift in Sources */ = {isa = PBXBuildFile; fileRef = 7F91E0912CBB7E190017CD64 /* ContentView.swift */; };
		7F91E0942CBB7E1E0017CD64 /* Assets.xcassets in Resources */ = {isa = PBXBuildFile; fileRef = 7F91E0932CBB7E1E0017CD64 /* Assets.xcassets */; };
		7F91E0972CBB7E1E0017CD64 /* Preview Assets.xcassets in Resources */ = {isa = PBXBuildFile; fileRef = 7F91E0962CBB7E1E0017CD64 /* Preview Assets.xcassets */; };
		7F91E09F2CBB81AD0017CD64 /* GameView.swift in Sources */ = {isa = PBXBuildFile; fileRef = 7F91E09E2CBB81AD0017CD64 /* GameView.swift */; };
/* End PBXBuildFile section */

/* Begin PBXFileReference section */
		7F19D2ED2CBFE405009745DD /* PooView.swift */ = {isa = PBXFileReference; lastKnownFileType = sourcecode.swift; path = PooView.swift; sourceTree = "<group>"; };
		7F19D2EF2CBFF805009745DD /* GameResaultView.swift */ = {isa = PBXFileReference; lastKnownFileType = sourcecode.swift; path = GameResaultView.swift; sourceTree = "<group>"; };
		7F91E08C2CBB7E190017CD64 /* BurgerKingApp.app */ = {isa = PBXFileReference; explicitFileType = wrapper.application; includeInIndex = 0; path = BurgerKingApp.app; sourceTree = BUILT_PRODUCTS_DIR; };
		7F91E08F2CBB7E190017CD64 /* BurgerKingAppApp.swift */ = {isa = PBXFileReference; lastKnownFileType = sourcecode.swift; path = BurgerKingAppApp.swift; sourceTree = "<group>"; };
		7F91E0912CBB7E190017CD64 /* ContentView.swift */ = {isa = PBXFileReference; lastKnownFileType = sourcecode.swift; path = ContentView.swift; sourceTree = "<group>"; };
		7F91E0932CBB7E1E0017CD64 /* Assets.xcassets */ = {isa = PBXFileReference; lastKnownFileType = folder.assetcatalog; path = Assets.xcassets; sourceTree = "<group>"; };
		7F91E0962CBB7E1E0017CD64 /* Preview Assets.xcassets */ = {isa = PBXFileReference; lastKnownFileType = folder.assetcatalog; path = "Preview Assets.xcassets"; sourceTree = "<group>"; };
		7F91E09E2CBB81AD0017CD64 /* GameView.swift */ = {isa = PBXFileReference; lastKnownFileType = sourcecode.swift; path = GameView.swift; sourceTree = "<group>"; };
/* End PBXFileReference section */

/* Begin PBXFrameworksBuildPhase section */
		7F91E0892CBB7E190017CD64 /* Frameworks */ = {
			isa = PBXFrameworksBuildPhase;
			buildActionMask = 2147483647;
			files = (
			);
			runOnlyForDeploymentPostprocessing = 0;
		};
/* End PBXFrameworksBuildPhase section */

/* Begin PBXGroup section */
		7F91E0832CBB7E190017CD64 = {
			isa = PBXGroup;
			children = (
				7F91E08E2CBB7E190017CD64 /* BurgerKingApp */,
				7F91E08D2CBB7E190017CD64 /* Products */,
			);
			sourceTree = "<group>";
		};
		7F91E08D2CBB7E190017CD64 /* Products */ = {
			isa = PBXGroup;
			children = (
				7F91E08C2CBB7E190017CD64 /* BurgerKingApp.app */,
			);
			name = Products;
			sourceTree = "<group>";
		};
		7F91E08E2CBB7E190017CD64 /* BurgerKingApp */ = {
			isa = PBXGroup;
			children = (
				7F91E08F2CBB7E190017CD64 /* BurgerKingAppApp.swift */,
				7F91E0912CBB7E190017CD64 /* ContentView.swift */,
				7F91E09D2CBB81900017CD64 /* Feature */,
				7F91E0932CBB7E1E0017CD64 /* Assets.xcassets */,
				7F91E0952CBB7E1E0017CD64 /* Preview Content */,
			);
			path = BurgerKingApp;
			sourceTree = "<group>";
		};
		7F91E0952CBB7E1E0017CD64 /* Preview Content */ = {
			isa = PBXGroup;
			children = (
				7F91E0962CBB7E1E0017CD64 /* Preview Assets.xcassets */,
			);
			path = "Preview Content";
			sourceTree = "<group>";
		};
		7F91E09D2CBB81900017CD64 /* Feature */ = {
			isa = PBXGroup;
			children = (
				7F91E09E2CBB81AD0017CD64 /* GameView.swift */,
				7F19D2ED2CBFE405009745DD /* PooView.swift */,
				7F19D2EF2CBFF805009745DD /* GameResaultView.swift */,
			);
			path = Feature;
			sourceTree = "<group>";
		};
/* End PBXGroup section */

/* Begin PBXNativeTarget section */
		7F91E08B2CBB7E190017CD64 /* BurgerKingApp */ = {
			isa = PBXNativeTarget;
			buildConfigurationList = 7F91E09A2CBB7E1E0017CD64 /* Build configuration list for PBXNativeTarget "BurgerKingApp" */;
			buildPhases = (
				7F91E0882CBB7E190017CD64 /* Sources */,
				7F91E0892CBB7E190017CD64 /* Frameworks */,
				7F91E08A2CBB7E190017CD64 /* Resources */,
			);
			buildRules = (
			);
			dependencies = (
			);
			name = BurgerKingApp;
			productName = BurgerKingApp;
			productReference = 7F91E08C2CBB7E190017CD64 /* BurgerKingApp.app */;
			productType = "com.apple.product-type.application";
		};
/* End PBXNativeTarget section */

/* Begin PBXProject section */
		7F91E0842CBB7E190017CD64 /* Project object */ = {
			isa = PBXProject;
			attributes = {
				BuildIndependentTargetsInParallel = 1;
				LastSwiftUpdateCheck = 1530;
				LastUpgradeCheck = 1530;
				TargetAttributes = {
					7F91E08B2CBB7E190017CD64 = {
						CreatedOnToolsVersion = 15.3;
					};
				};
			};
			buildConfigurationList = 7F91E0872CBB7E190017CD64 /* Build configuration list for PBXProject "BurgerKingApp" */;
			compatibilityVersion = "Xcode 14.0";
			developmentRegion = en;
			hasScannedForEncodings = 0;
			knownRegions = (
				en,
				Base,
			);
			mainGroup = 7F91E0832CBB7E190017CD64;
			productRefGroup = 7F91E08D2CBB7E190017CD64 /* Products */;
			projectDirPath = "";
			projectRoot = "";
			targets = (
				7F91E08B2CBB7E190017CD64 /* BurgerKingApp */,
			);
		};
/* End PBXProject section */

/* Begin PBXResourcesBuildPhase section */
		7F91E08A2CBB7E190017CD64 /* Resources */ = {
			isa = PBXResourcesBuildPhase;
			buildActionMask = 2147483647;
			files = (
				7F91E0972CBB7E1E0017CD64 /* Preview Assets.xcassets in Resources */,
				7F91E0942CBB7E1E0017CD64 /* Assets.xcassets in Resources */,
			);
			runOnlyForDeploymentPostprocessing = 0;
		};
/* End PBXResourcesBuildPhase section */

/* Begin PBXSourcesBuildPhase section */
		7F91E0882CBB7E190017CD64 /* Sources */ = {
			isa = PBXSourcesBuildPhase;
			buildActionMask = 2147483647;
			files = (
				7F91E0922CBB7E190017CD64 /* ContentView.swift in Sources */,
				7F19D2EE2CBFE405009745DD /* PooView.swift in Sources */,
				7F91E09F2CBB81AD0017CD64 /* GameView.swift in Sources */,
				7F91E0902CBB7E190017CD64 /* BurgerKingAppApp.swift in Sources */,
				7F19D2F02CBFF805009745DD /* GameResaultView.swift in Sources */,
			);
			runOnlyForDeploymentPostprocessing = 0;
		};
/* End PBXSourcesBuildPhase section */

/* Begin XCBuildConfiguration section */
		7F91E0982CBB7E1E0017CD64 /* Debug */ = {
			isa = XCBuildConfiguration;
			buildSettings = {
				ALWAYS_SEARCH_USER_PATHS = NO;
				ASSETCATALOG_COMPILER_GENERATE_SWIFT_ASSET_SYMBOL_EXTENSIONS = YES;
				CLANG_ANALYZER_NONNULL = YES;
				CLANG_ANALYZER_NUMBER_OBJECT_CONVERSION = YES_AGGRESSIVE;
				CLANG_CXX_LANGUAGE_STANDARD = "gnu++20";
				CLANG_ENABLE_MODULES = YES;
				CLANG_ENABLE_OBJC_ARC = YES;
				CLANG_ENABLE_OBJC_WEAK = YES;
				CLANG_WARN_BLOCK_CAPTURE_AUTORELEASING = YES;
				CLANG_WARN_BOOL_CONVERSION = YES;
				CLANG_WARN_COMMA = YES;
				CLANG_WARN_CONSTANT_CONVERSION = YES;
				CLANG_WARN_DEPRECATED_OBJC_IMPLEMENTATIONS = YES;
				CLANG_WARN_DIRECT_OBJC_ISA_USAGE = YES_ERROR;
				CLANG_WARN_DOCUMENTATION_COMMENTS = YES;
				CLANG_WARN_EMPTY_BODY = YES;
				CLANG_WARN_ENUM_CONVERSION = YES;
				CLANG_WARN_INFINITE_RECURSION = YES;
				CLANG_WARN_INT_CONVERSION = YES;
				CLANG_WARN_NON_LITERAL_NULL_CONVERSION = YES;
				CLANG_WARN_OBJC_IMPLICIT_RETAIN_SELF = YES;
				CLANG_WARN_OBJC_LITERAL_CONVERSION = YES;
				CLANG_WARN_OBJC_ROOT_CLASS = YES_ERROR;
				CLANG_WARN_QUOTED_INCLUDE_IN_FRAMEWORK_HEADER = YES;
				CLANG_WARN_RANGE_LOOP_ANALYSIS = YES;
				CLANG_WARN_STRICT_PROTOTYPES = YES;
				CLANG_WARN_SUSPICIOUS_MOVE = YES;
				CLANG_WARN_UNGUARDED_AVAILABILITY = YES_AGGRESSIVE;
				CLANG_WARN_UNREACHABLE_CODE = YES;
				CLANG_WARN__DUPLICATE_METHOD_MATCH = YES;
				COPY_PHASE_STRIP = NO;
				DEBUG_INFORMATION_FORMAT = dwarf;
				ENABLE_STRICT_OBJC_MSGSEND = YES;
				ENABLE_TESTABILITY = YES;
				ENABLE_USER_SCRIPT_SANDBOXING = YES;
				GCC_C_LANGUAGE_STANDARD = gnu17;
				GCC_DYNAMIC_NO_PIC = NO;
				GCC_NO_COMMON_BLOCKS = YES;
				GCC_OPTIMIZATION_LEVEL = 0;
				GCC_PREPROCESSOR_DEFINITIONS = (
					"DEBUG=1",
					"$(inherited)",
				);
				GCC_WARN_64_TO_32_BIT_CONVERSION = YES;
				GCC_WARN_ABOUT_RETURN_TYPE = YES_ERROR;
				GCC_WARN_UNDECLARED_SELECTOR = YES;
				GCC_WARN_UNINITIALIZED_AUTOS = YES_AGGRESSIVE;
				GCC_WARN_UNUSED_FUNCTION = YES;
				GCC_WARN_UNUSED_VARIABLE = YES;
				IPHONEOS_DEPLOYMENT_TARGET = 17.4;
				LOCALIZATION_PREFERS_STRING_CATALOGS = YES;
				MTL_ENABLE_DEBUG_INFO = INCLUDE_SOURCE;
				MTL_FAST_MATH = YES;
				ONLY_ACTIVE_ARCH = YES;
				SDKROOT = iphoneos;
				SWIFT_ACTIVE_COMPILATION_CONDITIONS = "DEBUG $(inherited)";
				SWIFT_OPTIMIZATION_LEVEL = "-Onone";
			};
			name = Debug;
		};
		7F91E0992CBB7E1E0017CD64 /* Release */ = {
			isa = XCBuildConfiguration;
			buildSettings = {
				ALWAYS_SEARCH_USER_PATHS = NO;
				ASSETCATALOG_COMPILER_GENERATE_SWIFT_ASSET_SYMBOL_EXTENSIONS = YES;
				CLANG_ANALYZER_NONNULL = YES;
				CLANG_ANALYZER_NUMBER_OBJECT_CONVERSION = YES_AGGRESSIVE;
				CLANG_CXX_LANGUAGE_STANDARD = "gnu++20";
				CLANG_ENABLE_MODULES = YES;
				CLANG_ENABLE_OBJC_ARC = YES;
				CLANG_ENABLE_OBJC_WEAK = YES;
				CLANG_WARN_BLOCK_CAPTURE_AUTORELEASING = YES;
				CLANG_WARN_BOOL_CONVERSION = YES;
				CLANG_WARN_COMMA = YES;
				CLANG_WARN_CONSTANT_CONVERSION = YES;
				CLANG_WARN_DEPRECATED_OBJC_IMPLEMENTATIONS = YES;
				CLANG_WARN_DIRECT_OBJC_ISA_USAGE = YES_ERROR;
				CLANG_WARN_DOCUMENTATION_COMMENTS = YES;
				CLANG_WARN_EMPTY_BODY = YES;
				CLANG_WARN_ENUM_CONVERSION = YES;
				CLANG_WARN_INFINITE_RECURSION = YES;
				CLANG_WARN_INT_CONVERSION = YES;
				CLANG_WARN_NON_LITERAL_NULL_CONVERSION = YES;
				CLANG_WARN_OBJC_IMPLICIT_RETAIN_SELF = YES;
				CLANG_WARN_OBJC_LITERAL_CONVERSION = YES;
				CLANG_WARN_OBJC_ROOT_CLASS = YES_ERROR;
				CLANG_WARN_QUOTED_INCLUDE_IN_FRAMEWORK_HEADER = YES;
				CLANG_WARN_RANGE_LOOP_ANALYSIS = YES;
				CLANG_WARN_STRICT_PROTOTYPES = YES;
				CLANG_WARN_SUSPICIOUS_MOVE = YES;
				CLANG_WARN_UNGUARDED_AVAILABILITY = YES_AGGRESSIVE;
				CLANG_WARN_UNREACHABLE_CODE = YES;
				CLANG_WARN__DUPLICATE_METHOD_MATCH = YES;
				COPY_PHASE_STRIP = NO;
				DEBUG_INFORMATION_FORMAT = "dwarf-with-dsym";
				ENABLE_NS_ASSERTIONS = NO;
				ENABLE_STRICT_OBJC_MSGSEND = YES;
				ENABLE_USER_SCRIPT_SANDBOXING = YES;
				GCC_C_LANGUAGE_STANDARD = gnu17;
				GCC_NO_COMMON_BLOCKS = YES;
				GCC_WARN_64_TO_32_BIT_CONVERSION = YES;
				GCC_WARN_ABOUT_RETURN_TYPE = YES_ERROR;
				GCC_WARN_UNDECLARED_SELECTOR = YES;
				GCC_WARN_UNINITIALIZED_AUTOS = YES_AGGRESSIVE;
				GCC_WARN_UNUSED_FUNCTION = YES;
				GCC_WARN_UNUSED_VARIABLE = YES;
				IPHONEOS_DEPLOYMENT_TARGET = 17.4;
				LOCALIZATION_PREFERS_STRING_CATALOGS = YES;
				MTL_ENABLE_DEBUG_INFO = NO;
				MTL_FAST_MATH = YES;
				SDKROOT = iphoneos;
				SWIFT_COMPILATION_MODE = wholemodule;
				VALIDATE_PRODUCT = YES;
			};
			name = Release;
		};
		7F91E09B2CBB7E1E0017CD64 /* Debug */ = {
			isa = XCBuildConfiguration;
			buildSettings = {
				ASSETCATALOG_COMPILER_APPICON_NAME = AppIcon;
				ASSETCATALOG_COMPILER_GLOBAL_ACCENT_COLOR_NAME = AccentColor;
				CODE_SIGN_STYLE = Automatic;
				CURRENT_PROJECT_VERSION = 1;
				DEVELOPMENT_ASSET_PATHS = "\"BurgerKingApp/Preview Content\"";
				DEVELOPMENT_TEAM = NTA3FA6DCH;
				ENABLE_PREVIEWS = YES;
				GENERATE_INFOPLIST_FILE = YES;
				INFOPLIST_KEY_UIApplicationSceneManifest_Generation = YES;
				INFOPLIST_KEY_UIApplicationSupportsIndirectInputEvents = YES;
				INFOPLIST_KEY_UILaunchScreen_Generation = YES;
				INFOPLIST_KEY_UISupportedInterfaceOrientations = UIInterfaceOrientationPortrait;
				INFOPLIST_KEY_UISupportedInterfaceOrientations_iPad = "UIInterfaceOrientationLandscapeLeft UIInterfaceOrientationLandscapeRight UIInterfaceOrientationPortrait UIInterfaceOrientationPortraitUpsideDown";
				LD_RUNPATH_SEARCH_PATHS = (
					"$(inherited)",
					"@executable_path/Frameworks",
				);
				MARKETING_VERSION = 1.0;
				PRODUCT_BUNDLE_IDENTIFIER = jp.ac.jec.cm0139.BurgerKingApp;
				PRODUCT_NAME = "$(TARGET_NAME)";
				SWIFT_EMIT_LOC_STRINGS = YES;
				SWIFT_VERSION = 5.0;
				TARGETED_DEVICE_FAMILY = "1,2";
			};
			name = Debug;
		};
		7F91E09C2CBB7E1E0017CD64 /* Release */ = {
			isa = XCBuildConfiguration;
			buildSettings = {
				ASSETCATALOG_COMPILER_APPICON_NAME = AppIcon;
				ASSETCATALOG_COMPILER_GLOBAL_ACCENT_COLOR_NAME = AccentColor;
				CODE_SIGN_STYLE = Automatic;
				CURRENT_PROJECT_VERSION = 1;
				DEVELOPMENT_ASSET_PATHS = "\"BurgerKingApp/Preview Content\"";
				DEVELOPMENT_TEAM = NTA3FA6DCH;
				ENABLE_PREVIEWS = YES;
				GENERATE_INFOPLIST_FILE = YES;
				INFOPLIST_KEY_UIApplicationSceneManifest_Generation = YES;
				INFOPLIST_KEY_UIApplicationSupportsIndirectInputEvents = YES;
				INFOPLIST_KEY_UILaunchScreen_Generation = YES;
				INFOPLIST_KEY_UISupportedInterfaceOrientations = UIInterfaceOrientationPortrait;
				INFOPLIST_KEY_UISupportedInterfaceOrientations_iPad = "UIInterfaceOrientationLandscapeLeft UIInterfaceOrientationLandscapeRight UIInterfaceOrientationPortrait UIInterfaceOrientationPortraitUpsideDown";
				LD_RUNPATH_SEARCH_PATHS = (
					"$(inherited)",
					"@executable_path/Frameworks",
				);
				MARKETING_VERSION = 1.0;
				PRODUCT_BUNDLE_IDENTIFIER = jp.ac.jec.cm0139.BurgerKingApp;
				PRODUCT_NAME = "$(TARGET_NAME)";
				SWIFT_EMIT_LOC_STRINGS = YES;
				SWIFT_VERSION = 5.0;
				TARGETED_DEVICE_FAMILY = "1,2";
			};
			name = Release;
		};
/* End XCBuildConfiguration section */

/* Begin XCConfigurationList section */
		7F91E0872CBB7E190017CD64 /* Build configuration list for PBXProject "BurgerKingApp" */ = {
			isa = XCConfigurationList;
			buildConfigurations = (
				7F91E0982CBB7E1E0017CD64 /* Debug */,
				7F91E0992CBB7E1E0017CD64 /* Release */,
			);
			defaultConfigurationIsVisible = 0;
			defaultConfigurationName = Release;
		};
		7F91E09A2CBB7E1E0017CD64 /* Build configuration list for PBXNativeTarget "BurgerKingApp" */ = {
			isa = XCConfigurationList;
			buildConfigurations = (
				7F91E09B2CBB7E1E0017CD64 /* Debug */,
				7F91E09C2CBB7E1E0017CD64 /* Release */,
			);
			defaultConfigurationIsVisible = 0;
			defaultConfigurationName = Release;
		};
/* End XCConfigurationList section */
	};
	rootObject = 7F91E0842CBB7E190017CD64 /* Project object */;
}
